// !$*UTF8*$!
{
	archiveVersion = 1;
	classes = {
	};
	objectVersion = 50;
	objects = {

/* Begin PBXBuildFile section */
		9AC60DB420F2539F00D055EF /* SampleTableViewCell.swift in Sources */ = {isa = PBXBuildFile; fileRef = 9AC60DB320F2539F00D055EF /* SampleTableViewCell.swift */; };
		9AF431E120EFC12C00E827AD /* AppDelegate.swift in Sources */ = {isa = PBXBuildFile; fileRef = 9AF431E020EFC12C00E827AD /* AppDelegate.swift */; };
		9AF431E820EFC12D00E827AD /* Assets.xcassets in Resources */ = {isa = PBXBuildFile; fileRef = 9AF431E720EFC12D00E827AD /* Assets.xcassets */; };
		9AF431EB20EFC12D00E827AD /* LaunchScreen.storyboard in Resources */ = {isa = PBXBuildFile; fileRef = 9AF431E920EFC12D00E827AD /* LaunchScreen.storyboard */; };
		9AF431F620EFC12D00E827AD /* SampleTableViewTests.swift in Sources */ = {isa = PBXBuildFile; fileRef = 9AF431F520EFC12D00E827AD /* SampleTableViewTests.swift */; };
		9AF4320120EFC12D00E827AD /* SampleTableViewUITests.swift in Sources */ = {isa = PBXBuildFile; fileRef = 9AF4320020EFC12D00E827AD /* SampleTableViewUITests.swift */; };
		9AF4321420EFC1F800E827AD /* WebService.swift in Sources */ = {isa = PBXBuildFile; fileRef = 9AF4321320EFC1F800E827AD /* WebService.swift */; };
		9AF4321620EFC21000E827AD /* Content.swift in Sources */ = {isa = PBXBuildFile; fileRef = 9AF4321520EFC21000E827AD /* Content.swift */; };
		9AF4321820EFC22400E827AD /* ContentViewModel.swift in Sources */ = {isa = PBXBuildFile; fileRef = 9AF4321720EFC22400E827AD /* ContentViewModel.swift */; };
		9AF4321B20EFC25600E827AD /* SampleTableViewController.swift in Sources */ = {isa = PBXBuildFile; fileRef = 9AF4321A20EFC25600E827AD /* SampleTableViewController.swift */; };
/* End PBXBuildFile section */

/* Begin PBXContainerItemProxy section */
		9AF431F220EFC12D00E827AD /* PBXContainerItemProxy */ = {
			isa = PBXContainerItemProxy;
			containerPortal = 9AF431D520EFC12B00E827AD /* Project object */;
			proxyType = 1;
			remoteGlobalIDString = 9AF431DC20EFC12B00E827AD;
			remoteInfo = SampleTableView;
		};
		9AF431FD20EFC12D00E827AD /* PBXContainerItemProxy */ = {
			isa = PBXContainerItemProxy;
			containerPortal = 9AF431D520EFC12B00E827AD /* Project object */;
			proxyType = 1;
			remoteGlobalIDString = 9AF431DC20EFC12B00E827AD;
			remoteInfo = SampleTableView;
		};
/* End PBXContainerItemProxy section */

/* Begin PBXFileReference section */
		9AC60DB320F2539F00D055EF /* SampleTableViewCell.swift */ = {isa = PBXFileReference; lastKnownFileType = sourcecode.swift; path = SampleTableViewCell.swift; sourceTree = "<group>"; };
		9AF431DD20EFC12B00E827AD /* SampleTableView.app */ = {isa = PBXFileReference; explicitFileType = wrapper.application; includeInIndex = 0; path = SampleTableView.app; sourceTree = BUILT_PRODUCTS_DIR; };
		9AF431E020EFC12C00E827AD /* AppDelegate.swift */ = {isa = PBXFileReference; lastKnownFileType = sourcecode.swift; path = AppDelegate.swift; sourceTree = "<group>"; };
		9AF431E720EFC12D00E827AD /* Assets.xcassets */ = {isa = PBXFileReference; lastKnownFileType = folder.assetcatalog; path = Assets.xcassets; sourceTree = "<group>"; };
		9AF431EA20EFC12D00E827AD /* Base */ = {isa = PBXFileReference; lastKnownFileType = file.storyboard; name = Base; path = Base.lproj/LaunchScreen.storyboard; sourceTree = "<group>"; };
		9AF431EC20EFC12D00E827AD /* Info.plist */ = {isa = PBXFileReference; lastKnownFileType = text.plist.xml; path = Info.plist; sourceTree = "<group>"; };
		9AF431F120EFC12D00E827AD /* SampleTableViewTests.xctest */ = {isa = PBXFileReference; explicitFileType = wrapper.cfbundle; includeInIndex = 0; path = SampleTableViewTests.xctest; sourceTree = BUILT_PRODUCTS_DIR; };
		9AF431F520EFC12D00E827AD /* SampleTableViewTests.swift */ = {isa = PBXFileReference; lastKnownFileType = sourcecode.swift; path = SampleTableViewTests.swift; sourceTree = "<group>"; };
		9AF431F720EFC12D00E827AD /* Info.plist */ = {isa = PBXFileReference; lastKnownFileType = text.plist.xml; path = Info.plist; sourceTree = "<group>"; };
		9AF431FC20EFC12D00E827AD /* SampleTableViewUITests.xctest */ = {isa = PBXFileReference; explicitFileType = wrapper.cfbundle; includeInIndex = 0; path = SampleTableViewUITests.xctest; sourceTree = BUILT_PRODUCTS_DIR; };
		9AF4320020EFC12D00E827AD /* SampleTableViewUITests.swift */ = {isa = PBXFileReference; lastKnownFileType = sourcecode.swift; path = SampleTableViewUITests.swift; sourceTree = "<group>"; };
		9AF4320220EFC12D00E827AD /* Info.plist */ = {isa = PBXFileReference; lastKnownFileType = text.plist.xml; path = Info.plist; sourceTree = "<group>"; };
		9AF4321320EFC1F800E827AD /* WebService.swift */ = {isa = PBXFileReference; fileEncoding = 4; lastKnownFileType = sourcecode.swift; path = WebService.swift; sourceTree = "<group>"; };
		9AF4321520EFC21000E827AD /* Content.swift */ = {isa = PBXFileReference; fileEncoding = 4; lastKnownFileType = sourcecode.swift; path = Content.swift; sourceTree = "<group>"; };
		9AF4321720EFC22400E827AD /* ContentViewModel.swift */ = {isa = PBXFileReference; fileEncoding = 4; lastKnownFileType = sourcecode.swift; path = ContentViewModel.swift; sourceTree = "<group>"; };
		9AF4321A20EFC25600E827AD /* SampleTableViewController.swift */ = {isa = PBXFileReference; fileEncoding = 4; lastKnownFileType = sourcecode.swift; path = SampleTableViewController.swift; sourceTree = "<group>"; };
/* End PBXFileReference section */

/* Begin PBXFrameworksBuildPhase section */
		9AF431DA20EFC12B00E827AD /* Frameworks */ = {
			isa = PBXFrameworksBuildPhase;
			buildActionMask = 2147483647;
			files = (
			);
			runOnlyForDeploymentPostprocessing = 0;
		};
		9AF431EE20EFC12D00E827AD /* Frameworks */ = {
			isa = PBXFrameworksBuildPhase;
			buildActionMask = 2147483647;
			files = (
			);
			runOnlyForDeploymentPostprocessing = 0;
		};
		9AF431F920EFC12D00E827AD /* Frameworks */ = {
			isa = PBXFrameworksBuildPhase;
			buildActionMask = 2147483647;
			files = (
			);
			runOnlyForDeploymentPostprocessing = 0;
		};
/* End PBXFrameworksBuildPhase section */

/* Begin PBXGroup section */
		9AF431D420EFC12B00E827AD = {
			isa = PBXGroup;
			children = (
				9AF431DF20EFC12B00E827AD /* SampleTableView */,
				9AF431F420EFC12D00E827AD /* SampleTableViewTests */,
				9AF431FF20EFC12D00E827AD /* SampleTableViewUITests */,
				9AF431DE20EFC12B00E827AD /* Products */,
			);
			sourceTree = "<group>";
		};
		9AF431DE20EFC12B00E827AD /* Products */ = {
			isa = PBXGroup;
			children = (
				9AF431DD20EFC12B00E827AD /* SampleTableView.app */,
				9AF431F120EFC12D00E827AD /* SampleTableViewTests.xctest */,
				9AF431FC20EFC12D00E827AD /* SampleTableViewUITests.xctest */,
			);
			name = Products;
			sourceTree = "<group>";
		};
		9AF431DF20EFC12B00E827AD /* SampleTableView */ = {
			isa = PBXGroup;
			children = (
				9AF4321120EFC19400E827AD /* Web Services */,
				9AF4321020EFC18F00E827AD /* Models */,
				9AF4320F20EFC18200E827AD /* ViewModels */,
				9AF4320E20EFC17900E827AD /* View */,
				9AF4321220EFC19D00E827AD /* Assets */,
				9AF431E020EFC12C00E827AD /* AppDelegate.swift */,
				9AF431E920EFC12D00E827AD /* LaunchScreen.storyboard */,
				9AF431EC20EFC12D00E827AD /* Info.plist */,
			);
			path = SampleTableView;
			sourceTree = "<group>";
		};
		9AF431F420EFC12D00E827AD /* SampleTableViewTests */ = {
			isa = PBXGroup;
			children = (
				9AF431F520EFC12D00E827AD /* SampleTableViewTests.swift */,
				9AF431F720EFC12D00E827AD /* Info.plist */,
			);
			path = SampleTableViewTests;
			sourceTree = "<group>";
		};
		9AF431FF20EFC12D00E827AD /* SampleTableViewUITests */ = {
			isa = PBXGroup;
			children = (
				9AF4320020EFC12D00E827AD /* SampleTableViewUITests.swift */,
				9AF4320220EFC12D00E827AD /* Info.plist */,
			);
			path = SampleTableViewUITests;
			sourceTree = "<group>";
		};
		9AF4320E20EFC17900E827AD /* View */ = {
			isa = PBXGroup;
			children = (
				9AF4321920EFC23500E827AD /* ViewController */,
			);
			path = View;
			sourceTree = "<group>";
		};
		9AF4320F20EFC18200E827AD /* ViewModels */ = {
			isa = PBXGroup;
			children = (
				9AF4321720EFC22400E827AD /* ContentViewModel.swift */,
			);
			path = ViewModels;
			sourceTree = "<group>";
		};
		9AF4321020EFC18F00E827AD /* Models */ = {
			isa = PBXGroup;
			children = (
				9AF4321520EFC21000E827AD /* Content.swift */,
			);
			path = Models;
			sourceTree = "<group>";
		};
		9AF4321120EFC19400E827AD /* Web Services */ = {
			isa = PBXGroup;
			children = (
				9AF4321320EFC1F800E827AD /* WebService.swift */,
			);
			path = "Web Services";
			sourceTree = "<group>";
		};
		9AF4321220EFC19D00E827AD /* Assets */ = {
			isa = PBXGroup;
			children = (
				9AF431E720EFC12D00E827AD /* Assets.xcassets */,
			);
			path = Assets;
			sourceTree = "<group>";
		};
		9AF4321920EFC23500E827AD /* ViewController */ = {
			isa = PBXGroup;
			children = (
				9AF4321A20EFC25600E827AD /* SampleTableViewController.swift */,
				9AC60DB320F2539F00D055EF /* SampleTableViewCell.swift */,
			);
			path = ViewController;
			sourceTree = "<group>";
		};
/* End PBXGroup section */

/* Begin PBXNativeTarget section */
		9AF431DC20EFC12B00E827AD /* SampleTableView */ = {
			isa = PBXNativeTarget;
			buildConfigurationList = 9AF4320520EFC12D00E827AD /* Build configuration list for PBXNativeTarget "SampleTableView" */;
			buildPhases = (
				9AF431D920EFC12B00E827AD /* Sources */,
				9AF431DA20EFC12B00E827AD /* Frameworks */,
				9AF431DB20EFC12B00E827AD /* Resources */,
			);
			buildRules = (
			);
			dependencies = (
			);
			name = SampleTableView;
			productName = SampleTableView;
			productReference = 9AF431DD20EFC12B00E827AD /* SampleTableView.app */;
			productType = "com.apple.product-type.application";
		};
		9AF431F020EFC12D00E827AD /* SampleTableViewTests */ = {
			isa = PBXNativeTarget;
			buildConfigurationList = 9AF4320820EFC12D00E827AD /* Build configuration list for PBXNativeTarget "SampleTableViewTests" */;
			buildPhases = (
				9AF431ED20EFC12D00E827AD /* Sources */,
				9AF431EE20EFC12D00E827AD /* Frameworks */,
				9AF431EF20EFC12D00E827AD /* Resources */,
			);
			buildRules = (
			);
			dependencies = (
				9AF431F320EFC12D00E827AD /* PBXTargetDependency */,
			);
			name = SampleTableViewTests;
			productName = SampleTableViewTests;
			productReference = 9AF431F120EFC12D00E827AD /* SampleTableViewTests.xctest */;
			productType = "com.apple.product-type.bundle.unit-test";
		};
		9AF431FB20EFC12D00E827AD /* SampleTableViewUITests */ = {
			isa = PBXNativeTarget;
			buildConfigurationList = 9AF4320B20EFC12D00E827AD /* Build configuration list for PBXNativeTarget "SampleTableViewUITests" */;
			buildPhases = (
				9AF431F820EFC12D00E827AD /* Sources */,
				9AF431F920EFC12D00E827AD /* Frameworks */,
				9AF431FA20EFC12D00E827AD /* Resources */,
			);
			buildRules = (
			);
			dependencies = (
				9AF431FE20EFC12D00E827AD /* PBXTargetDependency */,
			);
			name = SampleTableViewUITests;
			productName = SampleTableViewUITests;
			productReference = 9AF431FC20EFC12D00E827AD /* SampleTableViewUITests.xctest */;
			productType = "com.apple.product-type.bundle.ui-testing";
		};
/* End PBXNativeTarget section */

/* Begin PBXProject section */
		9AF431D520EFC12B00E827AD /* Project object */ = {
			isa = PBXProject;
			attributes = {
				LastSwiftUpdateCheck = 0940;
				LastUpgradeCheck = 0940;
				ORGANIZATIONNAME = User;
				TargetAttributes = {
					9AF431DC20EFC12B00E827AD = {
						CreatedOnToolsVersion = 9.4;
					};
					9AF431F020EFC12D00E827AD = {
						CreatedOnToolsVersion = 9.4;
						TestTargetID = 9AF431DC20EFC12B00E827AD;
					};
					9AF431FB20EFC12D00E827AD = {
						CreatedOnToolsVersion = 9.4;
						TestTargetID = 9AF431DC20EFC12B00E827AD;
					};
				};
			};
			buildConfigurationList = 9AF431D820EFC12B00E827AD /* Build configuration list for PBXProject "SampleTableView" */;
			compatibilityVersion = "Xcode 9.3";
			developmentRegion = en;
			hasScannedForEncodings = 0;
			knownRegions = (
				en,
				Base,
			);
			mainGroup = 9AF431D420EFC12B00E827AD;
			productRefGroup = 9AF431DE20EFC12B00E827AD /* Products */;
			projectDirPath = "";
			projectRoot = "";
			targets = (
				9AF431DC20EFC12B00E827AD /* SampleTableView */,
				9AF431F020EFC12D00E827AD /* SampleTableViewTests */,
				9AF431FB20EFC12D00E827AD /* SampleTableViewUITests */,
			);
		};
/* End PBXProject section */

/* Begin PBXResourcesBuildPhase section */
		9AF431DB20EFC12B00E827AD /* Resources */ = {
			isa = PBXResourcesBuildPhase;
			buildActionMask = 2147483647;
			files = (
				9AF431EB20EFC12D00E827AD /* LaunchScreen.storyboard in Resources */,
				9AF431E820EFC12D00E827AD /* Assets.xcassets in Resources */,
			);
			runOnlyForDeploymentPostprocessing = 0;
		};
		9AF431EF20EFC12D00E827AD /* Resources */ = {
			isa = PBXResourcesBuildPhase;
			buildActionMask = 2147483647;
			files = (
			);
			runOnlyForDeploymentPostprocessing = 0;
		};
		9AF431FA20EFC12D00E827AD /* Resources */ = {
			isa = PBXResourcesBuildPhase;
			buildActionMask = 2147483647;
			files = (
			);
			runOnlyForDeploymentPostprocessing = 0;
		};
/* End PBXResourcesBuildPhase section */

/* Begin PBXSourcesBuildPhase section */
		9AF431D920EFC12B00E827AD /* Sources */ = {
			isa = PBXSourcesBuildPhase;
			buildActionMask = 2147483647;
			files = (
				9AF4321420EFC1F800E827AD /* WebService.swift in Sources */,
				9AC60DB420F2539F00D055EF /* SampleTableViewCell.swift in Sources */,
				9AF431E120EFC12C00E827AD /* AppDelegate.swift in Sources */,
				9AF4321620EFC21000E827AD /* Content.swift in Sources */,
				9AF4321820EFC22400E827AD /* ContentViewModel.swift in Sources */,
				9AF4321B20EFC25600E827AD /* SampleTableViewController.swift in Sources */,
			);
			runOnlyForDeploymentPostprocessing = 0;
		};
		9AF431ED20EFC12D00E827AD /* Sources */ = {
			isa = PBXSourcesBuildPhase;
			buildActionMask = 2147483647;
			files = (
				9AF431F620EFC12D00E827AD /* SampleTableViewTests.swift in Sources */,
			);
			runOnlyForDeploymentPostprocessing = 0;
		};
		9AF431F820EFC12D00E827AD /* Sources */ = {
			isa = PBXSourcesBuildPhase;
			buildActionMask = 2147483647;
			files = (
				9AF4320120EFC12D00E827AD /* SampleTableViewUITests.swift in Sources */,
			);
			runOnlyForDeploymentPostprocessing = 0;
		};
/* End PBXSourcesBuildPhase section */

/* Begin PBXTargetDependency section */
		9AF431F320EFC12D00E827AD /* PBXTargetDependency */ = {
			isa = PBXTargetDependency;
			target = 9AF431DC20EFC12B00E827AD /* SampleTableView */;
			targetProxy = 9AF431F220EFC12D00E827AD /* PBXContainerItemProxy */;
		};
		9AF431FE20EFC12D00E827AD /* PBXTargetDependency */ = {
			isa = PBXTargetDependency;
			target = 9AF431DC20EFC12B00E827AD /* SampleTableView */;
			targetProxy = 9AF431FD20EFC12D00E827AD /* PBXContainerItemProxy */;
		};
/* End PBXTargetDependency section */

/* Begin PBXVariantGroup section */
		9AF431E920EFC12D00E827AD /* LaunchScreen.storyboard */ = {
			isa = PBXVariantGroup;
			children = (
				9AF431EA20EFC12D00E827AD /* Base */,
			);
			name = LaunchScreen.storyboard;
			sourceTree = "<group>";
		};
/* End PBXVariantGroup section */

/* Begin XCBuildConfiguration section */
		9AF4320320EFC12D00E827AD /* Debug */ = {
			isa = XCBuildConfiguration;
			buildSettings = {
				ALWAYS_SEARCH_USER_PATHS = NO;
				CLANG_ANALYZER_NONNULL = YES;
				CLANG_ANALYZER_NUMBER_OBJECT_CONVERSION = YES_AGGRESSIVE;
				CLANG_CXX_LANGUAGE_STANDARD = "gnu++14";
				CLANG_CXX_LIBRARY = "libc++";
				CLANG_ENABLE_MODULES = YES;
				CLANG_ENABLE_OBJC_ARC = YES;
				CLANG_ENABLE_OBJC_WEAK = YES;
				CLANG_WARN_BLOCK_CAPTURE_AUTORELEASING = YES;
				CLANG_WARN_BOOL_CONVERSION = YES;
				CLANG_WARN_COMMA = YES;
				CLANG_WARN_CONSTANT_CONVERSION = YES;
				CLANG_WARN_DEPRECATED_OBJC_IMPLEMENTATIONS = YES;
				CLANG_WARN_DIRECT_OBJC_ISA_USAGE = YES_ERROR;
				CLANG_WARN_DOCUMENTATION_COMMENTS = YES;
				CLANG_WARN_EMPTY_BODY = YES;
				CLANG_WARN_ENUM_CONVERSION = YES;
				CLANG_WARN_INFINITE_RECURSION = YES;
				CLANG_WARN_INT_CONVERSION = YES;
				CLANG_WARN_NON_LITERAL_NULL_CONVERSION = YES;
				CLANG_WARN_OBJC_IMPLICIT_RETAIN_SELF = YES;
				CLANG_WARN_OBJC_LITERAL_CONVERSION = YES;
				CLANG_WARN_OBJC_ROOT_CLASS = YES_ERROR;
				CLANG_WARN_RANGE_LOOP_ANALYSIS = YES;
				CLANG_WARN_STRICT_PROTOTYPES = YES;
				CLANG_WARN_SUSPICIOUS_MOVE = YES;
				CLANG_WARN_UNGUARDED_AVAILABILITY = YES_AGGRESSIVE;
				CLANG_WARN_UNREACHABLE_CODE = YES;
				CLANG_WARN__DUPLICATE_METHOD_MATCH = YES;
				CODE_SIGN_IDENTITY = "iPhone Developer";
				COPY_PHASE_STRIP = NO;
				DEBUG_INFORMATION_FORMAT = dwarf;
				ENABLE_STRICT_OBJC_MSGSEND = YES;
				ENABLE_TESTABILITY = YES;
				GCC_C_LANGUAGE_STANDARD = gnu11;
				GCC_DYNAMIC_NO_PIC = NO;
				GCC_NO_COMMON_BLOCKS = YES;
				GCC_OPTIMIZATION_LEVEL = 0;
				GCC_PREPROCESSOR_DEFINITIONS = (
					"DEBUG=1",
					"$(inherited)",
				);
				GCC_WARN_64_TO_32_BIT_CONVERSION = YES;
				GCC_WARN_ABOUT_RETURN_TYPE = YES_ERROR;
				GCC_WARN_UNDECLARED_SELECTOR = YES;
				GCC_WARN_UNINITIALIZED_AUTOS = YES_AGGRESSIVE;
				GCC_WARN_UNUSED_FUNCTION = YES;
				GCC_WARN_UNUSED_VARIABLE = YES;
				IPHONEOS_DEPLOYMENT_TARGET = 11.4;
				MTL_ENABLE_DEBUG_INFO = YES;
				ONLY_ACTIVE_ARCH = YES;
				SDKROOT = iphoneos;
				SWIFT_ACTIVE_COMPILATION_CONDITIONS = DEBUG;
				SWIFT_OPTIMIZATION_LEVEL = "-Onone";
			};
			name = Debug;
		};
		9AF4320420EFC12D00E827AD /* Release */ = {
			isa = XCBuildConfiguration;
			buildSettings = {
				ALWAYS_SEARCH_USER_PATHS = NO;
				CLANG_ANALYZER_NONNULL = YES;
				CLANG_ANALYZER_NUMBER_OBJECT_CONVERSION = YES_AGGRESSIVE;
				CLANG_CXX_LANGUAGE_STANDARD = "gnu++14";
				CLANG_CXX_LIBRARY = "libc++";
				CLANG_ENABLE_MODULES = YES;
				CLANG_ENABLE_OBJC_ARC = YES;
				CLANG_ENABLE_OBJC_WEAK = YES;
				CLANG_WARN_BLOCK_CAPTURE_AUTORELEASING = YES;
				CLANG_WARN_BOOL_CONVERSION = YES;
				CLANG_WARN_COMMA = YES;
				CLANG_WARN_CONSTANT_CONVERSION = YES;
				CLANG_WARN_DEPRECATED_OBJC_IMPLEMENTATIONS = YES;
				CLANG_WARN_DIRECT_OBJC_ISA_USAGE = YES_ERROR;
				CLANG_WARN_DOCUMENTATION_COMMENTS = YES;
				CLANG_WARN_EMPTY_BODY = YES;
				CLANG_WARN_ENUM_CONVERSION = YES;
				CLANG_WARN_INFINITE_RECURSION = YES;
				CLANG_WARN_INT_CONVERSION = YES;
				CLANG_WARN_NON_LITERAL_NULL_CONVERSION = YES;
				CLANG_WARN_OBJC_IMPLICIT_RETAIN_SELF = YES;
				CLANG_WARN_OBJC_LITERAL_CONVERSION = YES;
				CLANG_WARN_OBJC_ROOT_CLASS = YES_ERROR;
				CLANG_WARN_RANGE_LOOP_ANALYSIS = YES;
				CLANG_WARN_STRICT_PROTOTYPES = YES;
				CLANG_WARN_SUSPICIOUS_MOVE = YES;
				CLANG_WARN_UNGUARDED_AVAILABILITY = YES_AGGRESSIVE;
				CLANG_WARN_UNREACHABLE_CODE = YES;
				CLANG_WARN__DUPLICATE_METHOD_MATCH = YES;
				CODE_SIGN_IDENTITY = "iPhone Developer";
				COPY_PHASE_STRIP = NO;
				DEBUG_INFORMATION_FORMAT = "dwarf-with-dsym";
				ENABLE_NS_ASSERTIONS = NO;
				ENABLE_STRICT_OBJC_MSGSEND = YES;
				GCC_C_LANGUAGE_STANDARD = gnu11;
				GCC_NO_COMMON_BLOCKS = YES;
				GCC_WARN_64_TO_32_BIT_CONVERSION = YES;
				GCC_WARN_ABOUT_RETURN_TYPE = YES_ERROR;
				GCC_WARN_UNDECLARED_SELECTOR = YES;
				GCC_WARN_UNINITIALIZED_AUTOS = YES_AGGRESSIVE;
				GCC_WARN_UNUSED_FUNCTION = YES;
				GCC_WARN_UNUSED_VARIABLE = YES;
				IPHONEOS_DEPLOYMENT_TARGET = 11.4;
				MTL_ENABLE_DEBUG_INFO = NO;
				SDKROOT = iphoneos;
				SWIFT_COMPILATION_MODE = wholemodule;
				SWIFT_OPTIMIZATION_LEVEL = "-O";
				VALIDATE_PRODUCT = YES;
			};
			name = Release;
		};
		9AF4320620EFC12D00E827AD /* Debug */ = {
			isa = XCBuildConfiguration;
			buildSettings = {
				ASSETCATALOG_COMPILER_APPICON_NAME = AppIcon;
				CODE_SIGN_STYLE = Automatic;
				DEVELOPMENT_TEAM = 2S9MH6AVC2;
				INFOPLIST_FILE = SampleTableView/Info.plist;
				LD_RUNPATH_SEARCH_PATHS = (
					"$(inherited)",
					"@executable_path/Frameworks",
				);
				PRODUCT_BUNDLE_IDENTIFIER = com.test.test.SampleTableView;
				PRODUCT_NAME = "$(TARGET_NAME)";
				SWIFT_VERSION = 4.0;
				TARGETED_DEVICE_FAMILY = "1,2";
			};
			name = Debug;
		};
		9AF4320720EFC12D00E827AD /* Release */ = {
			isa = XCBuildConfiguration;
			buildSettings = {
				ASSETCATALOG_COMPILER_APPICON_NAME = AppIcon;
				CODE_SIGN_STYLE = Automatic;
				DEVELOPMENT_TEAM = 2S9MH6AVC2;
				INFOPLIST_FILE = SampleTableView/Info.plist;
				LD_RUNPATH_SEARCH_PATHS = (
					"$(inherited)",
					"@executable_path/Frameworks",
				);
				PRODUCT_BUNDLE_IDENTIFIER = com.test.test.SampleTableView;
				PRODUCT_NAME = "$(TARGET_NAME)";
				SWIFT_VERSION = 4.0;
				TARGETED_DEVICE_FAMILY = "1,2";
			};
			name = Release;
		};
		9AF4320920EFC12D00E827AD /* Debug */ = {
			isa = XCBuildConfiguration;
			buildSettings = {
				ALWAYS_EMBED_SWIFT_STANDARD_LIBRARIES = YES;
				BUNDLE_LOADER = "$(TEST_HOST)";
				CODE_SIGN_STYLE = Automatic;
				DEVELOPMENT_TEAM = 2S9MH6AVC2;
				INFOPLIST_FILE = SampleTableViewTests/Info.plist;
				LD_RUNPATH_SEARCH_PATHS = (
					"$(inherited)",
					"@executable_path/Frameworks",
					"@loader_path/Frameworks",
				);
				PRODUCT_BUNDLE_IDENTIFIER = com.test.test.SampleTableViewTests;
				PRODUCT_NAME = "$(TARGET_NAME)";
				SWIFT_VERSION = 4.0;
				TARGETED_DEVICE_FAMILY = "1,2";
				TEST_HOST = "$(BUILT_PRODUCTS_DIR)/SampleTableView.app/SampleTableView";
			};
			name = Debug;
		};
		9AF4320A20EFC12D00E827AD /* Release */ = {
			isa = XCBuildConfiguration;
			buildSettings = {
				ALWAYS_EMBED_SWIFT_STANDARD_LIBRARIES = YES;
				BUNDLE_LOADER = "$(TEST_HOST)";
				CODE_SIGN_STYLE = Automatic;
				DEVELOPMENT_TEAM = 2S9MH6AVC2;
				INFOPLIST_FILE = SampleTableViewTests/Info.plist;
				LD_RUNPATH_SEARCH_PATHS = (
					"$(inherited)",
					"@executable_path/Frameworks",
					"@loader_path/Frameworks",
				);
				PRODUCT_BUNDLE_IDENTIFIER = com.test.test.SampleTableViewTests;
				PRODUCT_NAME = "$(TARGET_NAME)";
				SWIFT_VERSION = 4.0;
				TARGETED_DEVICE_FAMILY = "1,2";
				TEST_HOST = "$(BUILT_PRODUCTS_DIR)/SampleTableView.app/SampleTableView";
			};
			name = Release;
		};
		9AF4320C20EFC12D00E827AD /* Debug */ = {
			isa = XCBuildConfiguration;
			buildSettings = {
				ALWAYS_EMBED_SWIFT_STANDARD_LIBRARIES = YES;
				CODE_SIGN_STYLE = Automatic;
				DEVELOPMENT_TEAM = 2S9MH6AVC2;
				INFOPLIST_FILE = SampleTableViewUITests/Info.plist;
				LD_RUNPATH_SEARCH_PATHS = (
					"$(inherited)",
					"@executable_path/Frameworks",
					"@loader_path/Frameworks",
				);
				PRODUCT_BUNDLE_IDENTIFIER = com.test.test.SampleTableViewUITests;
				PRODUCT_NAME = "$(TARGET_NAME)";
				SWIFT_VERSION = 4.0;
				TARGETED_DEVICE_FAMILY = "1,2";
				TEST_TARGET_NAME = SampleTableView;
			};
			name = Debug;
		};
		9AF4320D20EFC12D00E827AD /* Release */ = {
			isa = XCBuildConfiguration;
			buildSettings = {
				ALWAYS_EMBED_SWIFT_STANDARD_LIBRARIES = YES;
				CODE_SIGN_STYLE = Automatic;
				DEVELOPMENT_TEAM = 2S9MH6AVC2;
				INFOPLIST_FILE = SampleTableViewUITests/Info.plist;
				LD_RUNPATH_SEARCH_PATHS = (
					"$(inherited)",
					"@executable_path/Frameworks",
					"@loader_path/Frameworks",
				);
				PRODUCT_BUNDLE_IDENTIFIER = com.test.test.SampleTableViewUITests;
				PRODUCT_NAME = "$(TARGET_NAME)";
				SWIFT_VERSION = 4.0;
				TARGETED_DEVICE_FAMILY = "1,2";
				TEST_TARGET_NAME = SampleTableView;
			};
			name = Release;
		};
/* End XCBuildConfiguration section */

/* Begin XCConfigurationList section */
		9AF431D820EFC12B00E827AD /* Build configuration list for PBXProject "SampleTableView" */ = {
			isa = XCConfigurationList;
			buildConfigurations = (
				9AF4320320EFC12D00E827AD /* Debug */,
				9AF4320420EFC12D00E827AD /* Release */,
			);
			defaultConfigurationIsVisible = 0;
			defaultConfigurationName = Release;
		};
		9AF4320520EFC12D00E827AD /* Build configuration list for PBXNativeTarget "SampleTableView" */ = {
			isa = XCConfigurationList;
			buildConfigurations = (
				9AF4320620EFC12D00E827AD /* Debug */,
				9AF4320720EFC12D00E827AD /* Release */,
			);
			defaultConfigurationIsVisible = 0;
			defaultConfigurationName = Release;
		};
		9AF4320820EFC12D00E827AD /* Build configuration list for PBXNativeTarget "SampleTableViewTests" */ = {
			isa = XCConfigurationList;
			buildConfigurations = (
				9AF4320920EFC12D00E827AD /* Debug */,
				9AF4320A20EFC12D00E827AD /* Release */,
			);
			defaultConfigurationIsVisible = 0;
			defaultConfigurationName = Release;
		};
		9AF4320B20EFC12D00E827AD /* Build configuration list for PBXNativeTarget "SampleTableViewUITests" */ = {
			isa = XCConfigurationList;
			buildConfigurations = (
				9AF4320C20EFC12D00E827AD /* Debug */,
				9AF4320D20EFC12D00E827AD /* Release */,
			);
			defaultConfigurationIsVisible = 0;
			defaultConfigurationName = Release;
		};
/* End XCConfigurationList section */
	};
	rootObject = 9AF431D520EFC12B00E827AD /* Project object */;
}
